// !$*UTF8*$!
{
	archiveVersion = 1;
	classes = {
	};
	objectVersion = 56;
	objects = {

/* Begin PBXBuildFile section */
		6601D4CF29B3450500B1539D /* LCD.ttf in Resources */ = {isa = PBXBuildFile; fileRef = 6601D4CE29B3450500B1539D /* LCD.ttf */; };
		6601D4D129B35C1E00B1539D /* ExExecution.swift in Sources */ = {isa = PBXBuildFile; fileRef = 6601D4D029B35C1E00B1539D /* ExExecution.swift */; };
		660475E7297002D20060BDA4 /* MyWorkoutApp.swift in Sources */ = {isa = PBXBuildFile; fileRef = 660475E6297002D20060BDA4 /* MyWorkoutApp.swift */; };
		660475E9297002D20060BDA4 /* ContentView.swift in Sources */ = {isa = PBXBuildFile; fileRef = 660475E8297002D20060BDA4 /* ContentView.swift */; };
		660475EB297002D30060BDA4 /* Assets.xcassets in Resources */ = {isa = PBXBuildFile; fileRef = 660475EA297002D30060BDA4 /* Assets.xcassets */; };
		660475EE297002D30060BDA4 /* Preview Assets.xcassets in Resources */ = {isa = PBXBuildFile; fileRef = 660475ED297002D30060BDA4 /* Preview Assets.xcassets */; };
		660475FB297027C30060BDA4 /* Helper.swift in Sources */ = {isa = PBXBuildFile; fileRef = 660475FA297027C30060BDA4 /* Helper.swift */; };
		660475FD297035CC0060BDA4 /* ex8.json in Resources */ = {isa = PBXBuildFile; fileRef = 660475FC297035CC0060BDA4 /* ex8.json */; };
		660CD48329B0B6B4000CF0A8 /* EditButton.swift in Sources */ = {isa = PBXBuildFile; fileRef = 660CD48229B0B6B4000CF0A8 /* EditButton.swift */; };
		660CD48529B0FEC1000CF0A8 /* TimerClock.swift in Sources */ = {isa = PBXBuildFile; fileRef = 660CD48429B0FEC1000CF0A8 /* TimerClock.swift */; };
		66180B1A29716F13007AD265 /* WorkoutDetails.swift in Sources */ = {isa = PBXBuildFile; fileRef = 66180B1929716F13007AD265 /* WorkoutDetails.swift */; };
		66180B1C29718A16007AD265 /* ExerciseDetails.swift in Sources */ = {isa = PBXBuildFile; fileRef = 66180B1B29718A16007AD265 /* ExerciseDetails.swift */; };
		664793C329AA777F004A2347 /* BeginWorkout.swift in Sources */ = {isa = PBXBuildFile; fileRef = 664793C229AA777F004A2347 /* BeginWorkout.swift */; };
		6661932229AFD6FA00B7EF86 /* Sets.swift in Sources */ = {isa = PBXBuildFile; fileRef = 6661932129AFD6FA00B7EF86 /* Sets.swift */; };
		6661932429AFDA4400B7EF86 /* WarmingSets.swift in Sources */ = {isa = PBXBuildFile; fileRef = 6661932329AFDA4400B7EF86 /* WarmingSets.swift */; };
		66935291299BA3AD00639B11 /* DataStructures.swift in Sources */ = {isa = PBXBuildFile; fileRef = 66935290299BA3AD00639B11 /* DataStructures.swift */; };
		66935293299BA5E500639B11 /* AppData.swift in Sources */ = {isa = PBXBuildFile; fileRef = 66935292299BA5E500639B11 /* AppData.swift */; };
		6694527A297F2915003EF2EF /* MainView.swift in Sources */ = {isa = PBXBuildFile; fileRef = 66945279297F2915003EF2EF /* MainView.swift */; };
		6694527C297F296A003EF2EF /* SettingsDetails.swift in Sources */ = {isa = PBXBuildFile; fileRef = 6694527B297F296A003EF2EF /* SettingsDetails.swift */; };
		66B4A9082976FECC00572B49 /* workout8.json in Resources */ = {isa = PBXBuildFile; fileRef = 66B4A9072976FECC00572B49 /* workout8.json */; };
		66CFE92E297FD3C9007DCAD0 /* ExerciseList.swift in Sources */ = {isa = PBXBuildFile; fileRef = 66CFE92D297FD3C9007DCAD0 /* ExerciseList.swift */; };
/* End PBXBuildFile section */

/* Begin PBXFileReference section */
		6601D4CE29B3450500B1539D /* LCD.ttf */ = {isa = PBXFileReference; lastKnownFileType = file; path = LCD.ttf; sourceTree = "<group>"; };
		6601D4D029B35C1E00B1539D /* ExExecution.swift */ = {isa = PBXFileReference; lastKnownFileType = sourcecode.swift; path = ExExecution.swift; sourceTree = "<group>"; };
		660475E3297002D20060BDA4 /* MyWorkout.app */ = {isa = PBXFileReference; explicitFileType = wrapper.application; includeInIndex = 0; path = MyWorkout.app; sourceTree = BUILT_PRODUCTS_DIR; };
		660475E6297002D20060BDA4 /* MyWorkoutApp.swift */ = {isa = PBXFileReference; lastKnownFileType = sourcecode.swift; path = MyWorkoutApp.swift; sourceTree = "<group>"; };
		660475E8297002D20060BDA4 /* ContentView.swift */ = {isa = PBXFileReference; lastKnownFileType = sourcecode.swift; path = ContentView.swift; sourceTree = "<group>"; };
		660475EA297002D30060BDA4 /* Assets.xcassets */ = {isa = PBXFileReference; lastKnownFileType = folder.assetcatalog; path = Assets.xcassets; sourceTree = "<group>"; };
		660475ED297002D30060BDA4 /* Preview Assets.xcassets */ = {isa = PBXFileReference; lastKnownFileType = folder.assetcatalog; path = "Preview Assets.xcassets"; sourceTree = "<group>"; };
		660475FA297027C30060BDA4 /* Helper.swift */ = {isa = PBXFileReference; fileEncoding = 4; lastKnownFileType = sourcecode.swift; path = Helper.swift; sourceTree = SOURCE_ROOT; };
		660475FC297035CC0060BDA4 /* ex8.json */ = {isa = PBXFileReference; fileEncoding = 4; lastKnownFileType = text.json; path = ex8.json; sourceTree = SOURCE_ROOT; };
		660CD48229B0B6B4000CF0A8 /* EditButton.swift */ = {isa = PBXFileReference; lastKnownFileType = sourcecode.swift; path = EditButton.swift; sourceTree = "<group>"; };
		660CD48429B0FEC1000CF0A8 /* TimerClock.swift */ = {isa = PBXFileReference; lastKnownFileType = sourcecode.swift; path = TimerClock.swift; sourceTree = "<group>"; };
		66180B1929716F13007AD265 /* WorkoutDetails.swift */ = {isa = PBXFileReference; lastKnownFileType = sourcecode.swift; path = WorkoutDetails.swift; sourceTree = "<group>"; };
		66180B1B29718A16007AD265 /* ExerciseDetails.swift */ = {isa = PBXFileReference; lastKnownFileType = sourcecode.swift; path = ExerciseDetails.swift; sourceTree = "<group>"; };
		664793BF29AA6DB2004A2347 /* Info.plist */ = {isa = PBXFileReference; lastKnownFileType = text.plist; path = Info.plist; sourceTree = "<group>"; };
		664793C229AA777F004A2347 /* BeginWorkout.swift */ = {isa = PBXFileReference; lastKnownFileType = sourcecode.swift; path = BeginWorkout.swift; sourceTree = "<group>"; };
		6661932129AFD6FA00B7EF86 /* Sets.swift */ = {isa = PBXFileReference; lastKnownFileType = sourcecode.swift; path = Sets.swift; sourceTree = "<group>"; };
		6661932329AFDA4400B7EF86 /* WarmingSets.swift */ = {isa = PBXFileReference; lastKnownFileType = sourcecode.swift; path = WarmingSets.swift; sourceTree = "<group>"; };
		66935290299BA3AD00639B11 /* DataStructures.swift */ = {isa = PBXFileReference; lastKnownFileType = sourcecode.swift; path = DataStructures.swift; sourceTree = "<group>"; };
		66935292299BA5E500639B11 /* AppData.swift */ = {isa = PBXFileReference; lastKnownFileType = sourcecode.swift; path = AppData.swift; sourceTree = "<group>"; };
		66945279297F2915003EF2EF /* MainView.swift */ = {isa = PBXFileReference; lastKnownFileType = sourcecode.swift; path = MainView.swift; sourceTree = "<group>"; };
		6694527B297F296A003EF2EF /* SettingsDetails.swift */ = {isa = PBXFileReference; lastKnownFileType = sourcecode.swift; path = SettingsDetails.swift; sourceTree = "<group>"; };
		66B4A9072976FECC00572B49 /* workout8.json */ = {isa = PBXFileReference; fileEncoding = 4; lastKnownFileType = text.json; path = workout8.json; sourceTree = SOURCE_ROOT; tabWidth = 4; };
		66CFE92D297FD3C9007DCAD0 /* ExerciseList.swift */ = {isa = PBXFileReference; lastKnownFileType = sourcecode.swift; path = ExerciseList.swift; sourceTree = "<group>"; };
/* End PBXFileReference section */

/* Begin PBXFrameworksBuildPhase section */
		660475E0297002D20060BDA4 /* Frameworks */ = {
			isa = PBXFrameworksBuildPhase;
			buildActionMask = 2147483647;
			files = (
			);
			runOnlyForDeploymentPostprocessing = 0;
		};
/* End PBXFrameworksBuildPhase section */

/* Begin PBXGroup section */
		6601D4CB29B3426300B1539D /* Font */ = {
			isa = PBXGroup;
			children = (
				6601D4CE29B3450500B1539D /* LCD.ttf */,
			);
			path = Font;
			sourceTree = "<group>";
		};
		660475DA297002D20060BDA4 = {
			isa = PBXGroup;
			children = (
				660475E5297002D20060BDA4 /* MyWorkout */,
				6601D4CB29B3426300B1539D /* Font */,
				660475E4297002D20060BDA4 /* Products */,
			);
			sourceTree = "<group>";
		};
		660475E4297002D20060BDA4 /* Products */ = {
			isa = PBXGroup;
			children = (
				660475E3297002D20060BDA4 /* MyWorkout.app */,
			);
			name = Products;
			sourceTree = "<group>";
		};
		660475E5297002D20060BDA4 /* MyWorkout */ = {
			isa = PBXGroup;
			children = (
				664793BF29AA6DB2004A2347 /* Info.plist */,
				660475E6297002D20060BDA4 /* MyWorkoutApp.swift */,
				66935292299BA5E500639B11 /* AppData.swift */,
				66845A38299E421900B63422 /* Views */,
				660CD48129B0B688000CF0A8 /* Elements */,
				66935290299BA3AD00639B11 /* DataStructures.swift */,
				660475FA297027C30060BDA4 /* Helper.swift */,
				660475FC297035CC0060BDA4 /* ex8.json */,
				66B4A9072976FECC00572B49 /* workout8.json */,
				660475EA297002D30060BDA4 /* Assets.xcassets */,
				660475EC297002D30060BDA4 /* Preview Content */,
			);
			path = MyWorkout;
			sourceTree = "<group>";
		};
		660475EC297002D30060BDA4 /* Preview Content */ = {
			isa = PBXGroup;
			children = (
				660475ED297002D30060BDA4 /* Preview Assets.xcassets */,
			);
			path = "Preview Content";
			sourceTree = "<group>";
		};
		660CD48129B0B688000CF0A8 /* Elements */ = {
			isa = PBXGroup;
			children = (
				660CD48229B0B6B4000CF0A8 /* EditButton.swift */,
				660CD48429B0FEC1000CF0A8 /* TimerClock.swift */,
			);
			path = Elements;
			sourceTree = "<group>";
		};
		664F7B5829BC97DE00F34BEB /* Settings */ = {
			isa = PBXGroup;
			children = (
				6694527B297F296A003EF2EF /* SettingsDetails.swift */,
				66CFE92D297FD3C9007DCAD0 /* ExerciseList.swift */,
			);
			path = Settings;
			sourceTree = "<group>";
		};
		6661932029AFD6D900B7EF86 /* ExSettings */ = {
			isa = PBXGroup;
			children = (
				6661932129AFD6FA00B7EF86 /* Sets.swift */,
				6661932329AFDA4400B7EF86 /* WarmingSets.swift */,
			);
			path = ExSettings;
			sourceTree = "<group>";
		};
		6661932529AFDB3800B7EF86 /* WorkoutStart */ = {
			isa = PBXGroup;
			children = (
				664793C229AA777F004A2347 /* BeginWorkout.swift */,
				6601D4D029B35C1E00B1539D /* ExExecution.swift */,
			);
			path = WorkoutStart;
			sourceTree = "<group>";
		};
		6661932629AFDB8700B7EF86 /* WorkoutEdit */ = {
			isa = PBXGroup;
			children = (
				660475E8297002D20060BDA4 /* ContentView.swift */,
				66180B1929716F13007AD265 /* WorkoutDetails.swift */,
				66180B1B29718A16007AD265 /* ExerciseDetails.swift */,
				6661932029AFD6D900B7EF86 /* ExSettings */,
			);
			path = WorkoutEdit;
			sourceTree = "<group>";
		};
		66845A38299E421900B63422 /* Views */ = {
			isa = PBXGroup;
			children = (
				66945279297F2915003EF2EF /* MainView.swift */,
				664F7B5829BC97DE00F34BEB /* Settings */,
				6661932629AFDB8700B7EF86 /* WorkoutEdit */,
				6661932529AFDB3800B7EF86 /* WorkoutStart */,
			);
			path = Views;
			sourceTree = "<group>";
		};
/* End PBXGroup section */

/* Begin PBXNativeTarget section */
		660475E2297002D20060BDA4 /* MyWorkout */ = {
			isa = PBXNativeTarget;
			buildConfigurationList = 660475F1297002D30060BDA4 /* Build configuration list for PBXNativeTarget "MyWorkout" */;
			buildPhases = (
				660475DF297002D20060BDA4 /* Sources */,
				660475E0297002D20060BDA4 /* Frameworks */,
				660475E1297002D20060BDA4 /* Resources */,
			);
			buildRules = (
			);
			dependencies = (
			);
			name = MyWorkout;
			productName = MyWorkout;
			productReference = 660475E3297002D20060BDA4 /* MyWorkout.app */;
			productType = "com.apple.product-type.application";
		};
/* End PBXNativeTarget section */

/* Begin PBXProject section */
		660475DB297002D20060BDA4 /* Project object */ = {
			isa = PBXProject;
			attributes = {
				BuildIndependentTargetsInParallel = 1;
				LastSwiftUpdateCheck = 1420;
				LastUpgradeCheck = 1420;
				TargetAttributes = {
					660475E2297002D20060BDA4 = {
						CreatedOnToolsVersion = 14.2;
					};
				};
			};
			buildConfigurationList = 660475DE297002D20060BDA4 /* Build configuration list for PBXProject "MyWorkout" */;
			compatibilityVersion = "Xcode 14.0";
			developmentRegion = en;
			hasScannedForEncodings = 0;
			knownRegions = (
				en,
				Base,
			);
			mainGroup = 660475DA297002D20060BDA4;
			productRefGroup = 660475E4297002D20060BDA4 /* Products */;
			projectDirPath = "";
			projectRoot = "";
			targets = (
				660475E2297002D20060BDA4 /* MyWorkout */,
			);
		};
/* End PBXProject section */

/* Begin PBXResourcesBuildPhase section */
		660475E1297002D20060BDA4 /* Resources */ = {
			isa = PBXResourcesBuildPhase;
			buildActionMask = 2147483647;
			files = (
				660475FD297035CC0060BDA4 /* ex8.json in Resources */,
				6601D4CF29B3450500B1539D /* LCD.ttf in Resources */,
				660475EE297002D30060BDA4 /* Preview Assets.xcassets in Resources */,
				660475EB297002D30060BDA4 /* Assets.xcassets in Resources */,
				66B4A9082976FECC00572B49 /* workout8.json in Resources */,
			);
			runOnlyForDeploymentPostprocessing = 0;
		};
/* End PBXResourcesBuildPhase section */

/* Begin PBXSourcesBuildPhase section */
		660475DF297002D20060BDA4 /* Sources */ = {
			isa = PBXSourcesBuildPhase;
			buildActionMask = 2147483647;
			files = (
				660475E9297002D20060BDA4 /* ContentView.swift in Sources */,
				6694527A297F2915003EF2EF /* MainView.swift in Sources */,
				660475FB297027C30060BDA4 /* Helper.swift in Sources */,
				660CD48529B0FEC1000CF0A8 /* TimerClock.swift in Sources */,
				66935293299BA5E500639B11 /* AppData.swift in Sources */,
				6661932229AFD6FA00B7EF86 /* Sets.swift in Sources */,
				660475E7297002D20060BDA4 /* MyWorkoutApp.swift in Sources */,
				6661932429AFDA4400B7EF86 /* WarmingSets.swift in Sources */,
				66180B1A29716F13007AD265 /* WorkoutDetails.swift in Sources */,
				66180B1C29718A16007AD265 /* ExerciseDetails.swift in Sources */,
				660CD48329B0B6B4000CF0A8 /* EditButton.swift in Sources */,
				66CFE92E297FD3C9007DCAD0 /* ExerciseList.swift in Sources */,
				66935291299BA3AD00639B11 /* DataStructures.swift in Sources */,
				6601D4D129B35C1E00B1539D /* ExExecution.swift in Sources */,
				664793C329AA777F004A2347 /* BeginWorkout.swift in Sources */,
				6694527C297F296A003EF2EF /* SettingsDetails.swift in Sources */,
			);
			runOnlyForDeploymentPostprocessing = 0;
		};
/* End PBXSourcesBuildPhase section */

/* Begin XCBuildConfiguration section */
		660475EF297002D30060BDA4 /* Debug */ = {
			isa = XCBuildConfiguration;
			buildSettings = {
				ALWAYS_SEARCH_USER_PATHS = NO;
				CLANG_ANALYZER_NONNULL = YES;
				CLANG_ANALYZER_NUMBER_OBJECT_CONVERSION = YES_AGGRESSIVE;
				CLANG_CXX_LANGUAGE_STANDARD = "gnu++20";
				CLANG_ENABLE_MODULES = YES;
				CLANG_ENABLE_OBJC_ARC = YES;
				CLANG_ENABLE_OBJC_WEAK = YES;
				CLANG_WARN_BLOCK_CAPTURE_AUTORELEASING = YES;
				CLANG_WARN_BOOL_CONVERSION = YES;
				CLANG_WARN_COMMA = YES;
				CLANG_WARN_CONSTANT_CONVERSION = YES;
				CLANG_WARN_DEPRECATED_OBJC_IMPLEMENTATIONS = YES;
				CLANG_WARN_DIRECT_OBJC_ISA_USAGE = YES_ERROR;
				CLANG_WARN_DOCUMENTATION_COMMENTS = YES;
				CLANG_WARN_EMPTY_BODY = YES;
				CLANG_WARN_ENUM_CONVERSION = YES;
				CLANG_WARN_INFINITE_RECURSION = YES;
				CLANG_WARN_INT_CONVERSION = YES;
				CLANG_WARN_NON_LITERAL_NULL_CONVERSION = YES;
				CLANG_WARN_OBJC_IMPLICIT_RETAIN_SELF = YES;
				CLANG_WARN_OBJC_LITERAL_CONVERSION = YES;
				CLANG_WARN_OBJC_ROOT_CLASS = YES_ERROR;
				CLANG_WARN_QUOTED_INCLUDE_IN_FRAMEWORK_HEADER = YES;
				CLANG_WARN_RANGE_LOOP_ANALYSIS = YES;
				CLANG_WARN_STRICT_PROTOTYPES = YES;
				CLANG_WARN_SUSPICIOUS_MOVE = YES;
				CLANG_WARN_UNGUARDED_AVAILABILITY = YES_AGGRESSIVE;
				CLANG_WARN_UNREACHABLE_CODE = YES;
				CLANG_WARN__DUPLICATE_METHOD_MATCH = YES;
				COPY_PHASE_STRIP = NO;
				DEBUG_INFORMATION_FORMAT = dwarf;
				ENABLE_STRICT_OBJC_MSGSEND = YES;
				ENABLE_TESTABILITY = YES;
				GCC_C_LANGUAGE_STANDARD = gnu11;
				GCC_DYNAMIC_NO_PIC = NO;
				GCC_NO_COMMON_BLOCKS = YES;
				GCC_OPTIMIZATION_LEVEL = 0;
				GCC_PREPROCESSOR_DEFINITIONS = (
					"DEBUG=1",
					"$(inherited)",
				);
				GCC_WARN_64_TO_32_BIT_CONVERSION = YES;
				GCC_WARN_ABOUT_RETURN_TYPE = YES_ERROR;
				GCC_WARN_UNDECLARED_SELECTOR = YES;
				GCC_WARN_UNINITIALIZED_AUTOS = YES_AGGRESSIVE;
				GCC_WARN_UNUSED_FUNCTION = YES;
				GCC_WARN_UNUSED_VARIABLE = YES;
				IPHONEOS_DEPLOYMENT_TARGET = 16.2;
				MTL_ENABLE_DEBUG_INFO = INCLUDE_SOURCE;
				MTL_FAST_MATH = YES;
				ONLY_ACTIVE_ARCH = YES;
				SDKROOT = iphoneos;
				SWIFT_ACTIVE_COMPILATION_CONDITIONS = DEBUG;
				SWIFT_OPTIMIZATION_LEVEL = "-Onone";
			};
			name = Debug;
		};
		660475F0297002D30060BDA4 /* Release */ = {
			isa = XCBuildConfiguration;
			buildSettings = {
				ALWAYS_SEARCH_USER_PATHS = NO;
				CLANG_ANALYZER_NONNULL = YES;
				CLANG_ANALYZER_NUMBER_OBJECT_CONVERSION = YES_AGGRESSIVE;
				CLANG_CXX_LANGUAGE_STANDARD = "gnu++20";
				CLANG_ENABLE_MODULES = YES;
				CLANG_ENABLE_OBJC_ARC = YES;
				CLANG_ENABLE_OBJC_WEAK = YES;
				CLANG_WARN_BLOCK_CAPTURE_AUTORELEASING = YES;
				CLANG_WARN_BOOL_CONVERSION = YES;
				CLANG_WARN_COMMA = YES;
				CLANG_WARN_CONSTANT_CONVERSION = YES;
				CLANG_WARN_DEPRECATED_OBJC_IMPLEMENTATIONS = YES;
				CLANG_WARN_DIRECT_OBJC_ISA_USAGE = YES_ERROR;
				CLANG_WARN_DOCUMENTATION_COMMENTS = YES;
				CLANG_WARN_EMPTY_BODY = YES;
				CLANG_WARN_ENUM_CONVERSION = YES;
				CLANG_WARN_INFINITE_RECURSION = YES;
				CLANG_WARN_INT_CONVERSION = YES;
				CLANG_WARN_NON_LITERAL_NULL_CONVERSION = YES;
				CLANG_WARN_OBJC_IMPLICIT_RETAIN_SELF = YES;
				CLANG_WARN_OBJC_LITERAL_CONVERSION = YES;
				CLANG_WARN_OBJC_ROOT_CLASS = YES_ERROR;
				CLANG_WARN_QUOTED_INCLUDE_IN_FRAMEWORK_HEADER = YES;
				CLANG_WARN_RANGE_LOOP_ANALYSIS = YES;
				CLANG_WARN_STRICT_PROTOTYPES = YES;
				CLANG_WARN_SUSPICIOUS_MOVE = YES;
				CLANG_WARN_UNGUARDED_AVAILABILITY = YES_AGGRESSIVE;
				CLANG_WARN_UNREACHABLE_CODE = YES;
				CLANG_WARN__DUPLICATE_METHOD_MATCH = YES;
				COPY_PHASE_STRIP = NO;
				DEBUG_INFORMATION_FORMAT = "dwarf-with-dsym";
				ENABLE_NS_ASSERTIONS = NO;
				ENABLE_STRICT_OBJC_MSGSEND = YES;
				GCC_C_LANGUAGE_STANDARD = gnu11;
				GCC_NO_COMMON_BLOCKS = YES;
				GCC_WARN_64_TO_32_BIT_CONVERSION = YES;
				GCC_WARN_ABOUT_RETURN_TYPE = YES_ERROR;
				GCC_WARN_UNDECLARED_SELECTOR = YES;
				GCC_WARN_UNINITIALIZED_AUTOS = YES_AGGRESSIVE;
				GCC_WARN_UNUSED_FUNCTION = YES;
				GCC_WARN_UNUSED_VARIABLE = YES;
				IPHONEOS_DEPLOYMENT_TARGET = 16.2;
				MTL_ENABLE_DEBUG_INFO = NO;
				MTL_FAST_MATH = YES;
				SDKROOT = iphoneos;
				SWIFT_COMPILATION_MODE = wholemodule;
				SWIFT_OPTIMIZATION_LEVEL = "-O";
				VALIDATE_PRODUCT = YES;
			};
			name = Release;
		};
		660475F2297002D30060BDA4 /* Debug */ = {
			isa = XCBuildConfiguration;
			buildSettings = {
				ASSETCATALOG_COMPILER_APPICON_NAME = AppIcon;
				ASSETCATALOG_COMPILER_GLOBAL_ACCENT_COLOR_NAME = AccentColor;
				CODE_SIGN_STYLE = Automatic;
				CURRENT_PROJECT_VERSION = 1;
				DEVELOPMENT_ASSET_PATHS = "\"MyWorkout/Preview Content\"";
				DEVELOPMENT_TEAM = 52D98QT44V;
				ENABLE_PREVIEWS = YES;
				GENERATE_INFOPLIST_FILE = YES;
				INFOPLIST_FILE = MyWorkout/Info.plist;
				INFOPLIST_KEY_LSApplicationCategoryType = "public.app-category.healthcare-fitness";
				INFOPLIST_KEY_UIApplicationSupportsIndirectInputEvents = YES;
				INFOPLIST_KEY_UILaunchScreen_Generation = YES;
				INFOPLIST_KEY_UISupportedInterfaceOrientations = UIInterfaceOrientationPortrait;
				INFOPLIST_KEY_UISupportedInterfaceOrientations_iPad = "UIInterfaceOrientationLandscapeLeft UIInterfaceOrientationLandscapeRight UIInterfaceOrientationPortrait UIInterfaceOrientationPortraitUpsideDown";
				LD_RUNPATH_SEARCH_PATHS = (
					"$(inherited)",
					"@executable_path/Frameworks",
				);
				MARKETING_VERSION = 1.0;
				PRODUCT_BUNDLE_IDENTIFIER = vincenzo.prisco.MyWorkout;
				PRODUCT_NAME = "$(TARGET_NAME)";
				SWIFT_EMIT_LOC_STRINGS = YES;
				SWIFT_VERSION = 5.0;
				TARGETED_DEVICE_FAMILY = "1,2";
			};
			name = Debug;
		};
		660475F3297002D30060BDA4 /* Release */ = {
			isa = XCBuildConfiguration;
			buildSettings = {
				ASSETCATALOG_COMPILER_APPICON_NAME = AppIcon;
				ASSETCATALOG_COMPILER_GLOBAL_ACCENT_COLOR_NAME = AccentColor;
				CODE_SIGN_STYLE = Automatic;
				CURRENT_PROJECT_VERSION = 1;
				DEVELOPMENT_ASSET_PATHS = "\"MyWorkout/Preview Content\"";
				DEVELOPMENT_TEAM = 52D98QT44V;
				ENABLE_PREVIEWS = YES;
				GENERATE_INFOPLIST_FILE = YES;
				INFOPLIST_FILE = MyWorkout/Info.plist;
				INFOPLIST_KEY_LSApplicationCategoryType = "public.app-category.healthcare-fitness";
				INFOPLIST_KEY_UIApplicationSupportsIndirectInputEvents = YES;
				INFOPLIST_KEY_UILaunchScreen_Generation = YES;
				INFOPLIST_KEY_UISupportedInterfaceOrientations = UIInterfaceOrientationPortrait;
				INFOPLIST_KEY_UISupportedInterfaceOrientations_iPad = "UIInterfaceOrientationLandscapeLeft UIInterfaceOrientationLandscapeRight UIInterfaceOrientationPortrait UIInterfaceOrientationPortraitUpsideDown";
				LD_RUNPATH_SEARCH_PATHS = (
					"$(inherited)",
					"@executable_path/Frameworks",
				);
				MARKETING_VERSION = 1.0;
				PRODUCT_BUNDLE_IDENTIFIER = vincenzo.prisco.MyWorkout;
				PRODUCT_NAME = "$(TARGET_NAME)";
				SWIFT_EMIT_LOC_STRINGS = YES;
				SWIFT_VERSION = 5.0;
				TARGETED_DEVICE_FAMILY = "1,2";
			};
			name = Release;
		};
/* End XCBuildConfiguration section */

/* Begin XCConfigurationList section */
		660475DE297002D20060BDA4 /* Build configuration list for PBXProject "MyWorkout" */ = {
			isa = XCConfigurationList;
			buildConfigurations = (
				660475EF297002D30060BDA4 /* Debug */,
				660475F0297002D30060BDA4 /* Release */,
			);
			defaultConfigurationIsVisible = 0;
			defaultConfigurationName = Release;
		};
		660475F1297002D30060BDA4 /* Build configuration list for PBXNativeTarget "MyWorkout" */ = {
			isa = XCConfigurationList;
			buildConfigurations = (
				660475F2297002D30060BDA4 /* Debug */,
				660475F3297002D30060BDA4 /* Release */,
			);
			defaultConfigurationIsVisible = 0;
			defaultConfigurationName = Release;
		};
/* End XCConfigurationList section */
	};
	rootObject = 660475DB297002D20060BDA4 /* Project object */;
}
